
Microsoft Visual Studio Solution File, Format Version 12.00
# Visual Studio Version 16
VisualStudioVersion = 16.0.30114.105
MinimumVisualStudioVersion = 10.0.40219.1
Project("{FAE04EC0-301F-11D3-BF4B-00C04F79EFBC}") = "Goods", "Goods\Goods.csproj", "{D6CE8B02-E6BC-45C7-AC80-8D30CD75ED06}"
EndProject
Global
	GlobalSection(SolutionConfigurationPlatforms) = preSolution
		Debug|Any CPU = Debug|Any CPU
		Release|Any CPU = Release|Any CPU
	EndGlobalSection
	GlobalSection(ProjectConfigurationPlatforms) = postSolution
		{D6CE8B02-E6BC-45C7-AC80-8D30CD75ED06}.Debug|Any CPU.ActiveCfg = Debug|Any CPU
		{D6CE8B02-E6BC-45C7-AC80-8D30CD75ED06}.Debug|Any CPU.Build.0 = Debug|Any CPU
		{D6CE8B02-E6BC-45C7-AC80-8D30CD75ED06}.Release|Any CPU.ActiveCfg = Release|Any CPU
		{D6CE8B02-E6BC-45C7-AC80-8D30CD75ED06}.Release|Any CPU.Build.0 = Release|Any CPU
	EndGlobalSection
	GlobalSection(SolutionProperties) = preSolution
		HideSolutionNode = FALSE
	EndGlobalSection
	GlobalSection(ExtensibilityGlobals) = postSolution
		SolutionGuid = {ADA5557D-92B6-4724-A9D0-59FADC325594}
	EndGlobalSection
EndGlobal
